# @generated - this file is auto-generated by `mise lock` https://mise.jdx.dev/dev-tools/mise-lock.html

lockfile_version = 2

[[tools."aqua:ktlint"]]
version = "1.8.0"
backend = "aqua:ktlint"
specifiers = ["1.8.0"]

[tools."aqua:ktlint"."platforms.linux-arm64"]
checksum = "sha256:3722801dd119b96a2fbeda0b9d66f173994f249998c87bcf2274b51977aa8f77"
url = "https://github.com/ktlint/ktlint/releases/download/1.8.0/ktlint-1.8.0.zip"
url_api = "https://api.github.com/repos/ktlint/ktlint/releases/assets/316074523"

[tools."aqua:ktlint"."platforms.linux-arm64-musl"]
checksum = "sha256:3722801dd119b96a2fbeda0b9d66f173994f249998c87bcf2274b51977aa8f77"
url = "https://github.com/ktlint/ktlint/releases/download/1.8.0/ktlint-1.8.0.zip"
url_api = "https://api.github.com/repos/ktlint/ktlint/releases/assets/316074523"

[tools."aqua:ktlint"."platforms.linux-x64"]
checksum = "sha256:3722801dd119b96a2fbeda0b9d66f173994f249998c87bcf2274b51977aa8f77"
url = "https://github.com/ktlint/ktlint/releases/download/1.8.0/ktlint-1.8.0.zip"
url_api = "https://api.github.com/repos/ktlint/ktlint/releases/assets/316074523"

[tools."aqua:ktlint"."platforms.linux-x64-musl"]
checksum = "sha256:3722801dd119b96a2fbeda0b9d66f173994f249998c87bcf2274b51977aa8f77"
url = "https://github.com/ktlint/ktlint/releases/download/1.8.0/ktlint-1.8.0.zip"
url_api = "https://api.github.com/repos/ktlint/ktlint/releases/assets/316074523"

[tools."aqua:ktlint"."platforms.macos-arm64"]
checksum = "sha256:3722801dd119b96a2fbeda0b9d66f173994f249998c87bcf2274b51977aa8f77"
url = "https://github.com/ktlint/ktlint/releases/download/1.8.0/ktlint-1.8.0.zip"
url_api = "https://api.github.com/repos/ktlint/ktlint/releases/assets/316074523"

[tools."aqua:ktlint"."platforms.macos-x64"]
checksum = "sha256:3722801dd119b96a2fbeda0b9d66f173994f249998c87bcf2274b51977aa8f77"
url = "https://github.com/ktlint/ktlint/releases/download/1.8.0/ktlint-1.8.0.zip"
url_api = "https://api.github.com/repos/ktlint/ktlint/releases/assets/316074523"

[tools."aqua:ktlint"."platforms.windows-x64"]
checksum = "sha256:3722801dd119b96a2fbeda0b9d66f173994f249998c87bcf2274b51977aa8f77"
url = "https://github.com/ktlint/ktlint/releases/download/1.8.0/ktlint-1.8.0.zip"
url_api = "https://api.github.com/repos/ktlint/ktlint/releases/assets/316074523"

[[tools."cargo:cargo-nextest"]]
version = "0.9.115"
backend = "cargo:cargo-nextest"
specifiers = ["0.9.115"]

[[tools."cargo:cargo-tarpaulin"]]
version = "0.37.4"
backend = "cargo:cargo-tarpaulin"
specifiers = ["0.37"]

[[tools.java]]
version = "20.0.2"
backend = "core:java"
specifiers = ["20.0.2"]

[tools.java.options]
shorthand_vendor = "openjdk"

[tools.java."platforms.linux-arm64"]
checksum = "sha256:3238c93267c663dbca00f5d5b0e3fbba40e1eea2b4281612f40542d208b6dd9a"
url = "https://download.java.net/java/GA/jdk20.0.2/6e380f22cbe7469fa75fb448bd903d8e/9/GPL/openjdk-20.0.2_linux-aarch64_bin.tar.gz"

[tools.java."platforms.linux-x64"]
checksum = "sha256:beaf61959c2953310595e1162b0c626aef33d58628771033ff2936609661956c"
url = "https://download.java.net/java/GA/jdk20.0.2/6e380f22cbe7469fa75fb448bd903d8e/9/GPL/openjdk-20.0.2_linux-x64_bin.tar.gz"

[tools.java."platforms.macos-arm64"]
checksum = "sha256:2e6522bb574f76cd3f81156acd59115a014bf452bbe4107f0d31ff9b41b3da57"
url = "https://download.java.net/java/GA/jdk20.0.2/6e380f22cbe7469fa75fb448bd903d8e/9/GPL/openjdk-20.0.2_macos-aarch64_bin.tar.gz"

[tools.java."platforms.macos-x64"]
checksum = "sha256:c65ba92b73d8076e2a10029a0674d40ce45c3e0183a8063dd51281e92c9f43fc"
url = "https://download.java.net/java/GA/jdk20.0.2/6e380f22cbe7469fa75fb448bd903d8e/9/GPL/openjdk-20.0.2_macos-x64_bin.tar.gz"

[tools.java."platforms.windows-x64"]
checksum = "sha256:7e5870fd2e19b87cbd1981c4ff7203897384c2eb104977f40ce4951b40ab433e"
url = "https://download.java.net/java/GA/jdk20.0.2/6e380f22cbe7469fa75fb448bd903d8e/9/GPL/openjdk-20.0.2_windows-x64_bin.zip"

[[tools.kotlin]]
version = "2.2.20"
backend = "github:JetBrains/kotlin"
specifiers = ["2.2.20"]

[tools.kotlin.options]
asset_pattern = "kotlin-compiler-*.zip"

[tools.kotlin."platforms.linux-arm64"]
checksum = "sha256:81f0264c9073b5cbbdb3ff8418cf2c5dac076879fc156fa1a6462f5a5acc4420"
url = "https://github.com/JetBrains/kotlin/releases/download/v2.2.20/kotlin-compiler-2.2.20.zip"
url_api = "https://api.github.com/repos/JetBrains/kotlin/releases/assets/291370707"

[tools.kotlin."platforms.linux-arm64-musl"]
checksum = "sha256:81f0264c9073b5cbbdb3ff8418cf2c5dac076879fc156fa1a6462f5a5acc4420"
url = "https://github.com/JetBrains/kotlin/releases/download/v2.2.20/kotlin-compiler-2.2.20.zip"
url_api = "https://api.github.com/repos/JetBrains/kotlin/releases/assets/291370707"

[tools.kotlin."platforms.linux-x64"]
checksum = "sha256:81f0264c9073b5cbbdb3ff8418cf2c5dac076879fc156fa1a6462f5a5acc4420"
url = "https://github.com/JetBrains/kotlin/releases/download/v2.2.20/kotlin-compiler-2.2.20.zip"
url_api = "https://api.github.com/repos/JetBrains/kotlin/releases/assets/291370707"

[tools.kotlin."platforms.linux-x64-musl"]
checksum = "sha256:81f0264c9073b5cbbdb3ff8418cf2c5dac076879fc156fa1a6462f5a5acc4420"
url = "https://github.com/JetBrains/kotlin/releases/download/v2.2.20/kotlin-compiler-2.2.20.zip"
url_api = "https://api.github.com/repos/JetBrains/kotlin/releases/assets/291370707"

[tools.kotlin."platforms.macos-arm64"]
checksum = "sha256:81f0264c9073b5cbbdb3ff8418cf2c5dac076879fc156fa1a6462f5a5acc4420"
url = "https://github.com/JetBrains/kotlin/releases/download/v2.2.20/kotlin-compiler-2.2.20.zip"
url_api = "https://api.github.com/repos/JetBrains/kotlin/releases/assets/291370707"

[tools.kotlin."platforms.macos-x64"]
checksum = "sha256:81f0264c9073b5cbbdb3ff8418cf2c5dac076879fc156fa1a6462f5a5acc4420"
url = "https://github.com/JetBrains/kotlin/releases/download/v2.2.20/kotlin-compiler-2.2.20.zip"
url_api = "https://api.github.com/repos/JetBrains/kotlin/releases/assets/291370707"

[tools.kotlin."platforms.windows-x64"]
checksum = "sha256:81f0264c9073b5cbbdb3ff8418cf2c5dac076879fc156fa1a6462f5a5acc4420"
url = "https://github.com/JetBrains/kotlin/releases/download/v2.2.20/kotlin-compiler-2.2.20.zip"
url_api = "https://api.github.com/repos/JetBrains/kotlin/releases/assets/291370707"

[[tools.node]]
version = "26.3.0"
backend = "core:node"
specifiers = ["26.3.0"]

[tools.node."platforms.linux-arm64"]
checksum = "sha256:b2e01f65905c24cb5dd19c4cfbfefe0118e0504c170cc18beac343a2abbb59bd"
url = "https://nodejs.org/dist/v26.3.0/node-v26.3.0-linux-arm64.tar.gz"

[tools.node."platforms.linux-arm64-musl"]
checksum = "sha256:2487ff4f03dbd8998a3778886d50c1ee5f13a3b9cefbfa3aed02c32dbf1e1fb8"
url = "https://unofficial-builds.nodejs.org/download/release/v26.3.0/node-v26.3.0-linux-arm64-musl.tar.gz"

[tools.node."platforms.linux-x64"]
checksum = "sha256:a6e65cc653e40c1653b77742f9185dbce3ff1f99fa2746d211bddb53530ef206"
url = "https://nodejs.org/dist/v26.3.0/node-v26.3.0-linux-x64.tar.gz"

[tools.node."platforms.linux-x64-musl"]
checksum = "sha256:6ad2e7c0cf693fecc2febb1abf753940244f3baaa04626361ed52d64843ffc67"
url = "https://unofficial-builds.nodejs.org/download/release/v26.3.0/node-v26.3.0-linux-x64-musl.tar.gz"

[tools.node."platforms.macos-arm64"]
checksum = "sha256:77ef7f7a15aa757c2ca19d63cf41c8d9eb3b18590ebc6883871310787d8c6b6c"
url = "https://nodejs.org/dist/v26.3.0/node-v26.3.0-darwin-arm64.tar.gz"

[tools.node."platforms.macos-x64"]
checksum = "sha256:7453bd54a17bdc656e2e784d702f6eeb224fb517965e6f8c5a31a88c83d3804c"
url = "https://nodejs.org/dist/v26.3.0/node-v26.3.0-darwin-x64.tar.gz"

[tools.node."platforms.windows-x64"]
checksum = "sha256:ec6d0f6b056c89498a9b26c4d5c77a31fd0b7fe45ba8a45fa87d26f66c3ebce4"
url = "https://nodejs.org/dist/v26.3.0/node-v26.3.0-win-x64.zip"

[[tools.python]]
version = "3.14.2"
backend = "core:python"
specifiers = ["3.14.2"]

[tools.python."platforms.linux-arm64"]
checksum = "sha256:1d243bfab134c9fd3e099780a811079d8c6158283bddde65de2bc5f6eda74f7c"
url = "https://github.com/astral-sh/python-build-standalone/releases/download/20260127/cpython-3.14.2+20260127-aarch64-unknown-linux-gnu-install_only_stripped.tar.gz"
provenance = "github-attestations"

[tools.python."platforms.linux-arm64-musl"]
checksum = "sha256:d1c14930b95e10b10b263fabadefc4ac5965553144c1667775fb097b2675b1b3"
url = "https://github.com/astral-sh/python-build-standalone/releases/download/20260127/cpython-3.14.2+20260127-aarch64-unknown-linux-musl-install_only_stripped.tar.gz"
provenance = "github-attestations"

[tools.python."platforms.linux-x64"]
checksum = "sha256:c2926d6707f4339e3bf30e90437b387712b47e60e9e55bff1dcb36bf7688b01d"
url = "https://github.com/astral-sh/python-build-standalone/releases/download/20260127/cpython-3.14.2+20260127-x86_64-unknown-linux-gnu-install_only_stripped.tar.gz"
provenance = "github-attestations"

[tools.python."platforms.linux-x64-musl"]
checksum = "sha256:24015271e47203b9b79249670a847487f997ae8e0a3deacc533ce5fc55d66ea6"
url = "https://github.com/astral-sh/python-build-standalone/releases/download/20260127/cpython-3.14.2+20260127-x86_64-unknown-linux-musl-install_only_stripped.tar.gz"
provenance = "github-attestations"

[tools.python."platforms.macos-arm64"]
checksum = "sha256:2f82ed0cf902c8a2863a3fc5864909645c761e4e0a96525850c9ef8f7e3b79e7"
url = "https://github.com/astral-sh/python-build-standalone/releases/download/20260127/cpython-3.14.2+20260127-aarch64-apple-darwin-install_only_stripped.tar.gz"
provenance = "github-attestations"

[tools.python."platforms.macos-x64"]
checksum = "sha256:51e886261fb79f64079b20181a7f8adfca738f2b2882882e981b67a165e1809b"
url = "https://github.com/astral-sh/python-build-standalone/releases/download/20260127/cpython-3.14.2+20260127-x86_64-apple-darwin-install_only_stripped.tar.gz"
provenance = "github-attestations"

[tools.python."platforms.windows-x64"]
checksum = "sha256:42638ce9bd8c177010c44c7a6a6fb3e1dc0b04ea372089036c689ccb57dc0d09"
url = "https://github.com/astral-sh/python-build-standalone/releases/download/20260127/cpython-3.14.2+20260127-x86_64-pc-windows-msvc-install_only_stripped.tar.gz"
provenance = "github-attestations"

[[tools.ruby]]
version = "3.3.12"
backend = "core:ruby"
specifiers = ["3.3.12"]

[tools.ruby."platforms.windows-x64"]
checksum = "sha256:f8d534a44e47e5b72abe557497763128b93e9356bd91397a3d7b9e0a11572943"
url = "https://github.com/oneclick/rubyinstaller2/releases/download/RubyInstaller-3.3.12-1/rubyinstaller-3.3.12-1-x64.7z"

[[tools.ruby]]
version = "3.3.12"
backend = "core:ruby"
specifiers = ["3.3.12"]

[tools.ruby.options]
compile = "false"
precompiled_url = "jdx/ruby"
ruby_build_repo = "https://github.com/rbenv/ruby-build.git"
ruby_install = "false"

[tools.ruby."platforms.linux-arm64"]
checksum = "sha256:9778fc285dca3ae4ff19213355e549c30ba7fb02635338df342969017d5ac141"
url = "https://github.com/jdx/ruby/releases/download/3.3.12-1/ruby-3.3.12.arm64_linux.tar.gz"
provenance = "github-attestations"

[tools.ruby."platforms.linux-arm64-musl"]
checksum = "sha256:b06d63beae271933033e27f0a389bc582a009e7845357d44365c39de525a051b"
url = "https://cache.ruby-lang.org/pub/ruby/3.3/ruby-3.3.12.tar.gz"

[tools.ruby."platforms.linux-x64"]
checksum = "sha256:9f85eb7bce31098ba8d81081e047c795ab161a785b163b30eb1ce973b0e6c186"
url = "https://github.com/jdx/ruby/releases/download/3.3.12-1/ruby-3.3.12.x86_64_linux.tar.gz"
provenance = "github-attestations"

[tools.ruby."platforms.linux-x64-musl"]
checksum = "sha256:b06d63beae271933033e27f0a389bc582a009e7845357d44365c39de525a051b"
url = "https://cache.ruby-lang.org/pub/ruby/3.3/ruby-3.3.12.tar.gz"

[tools.ruby."platforms.macos-arm64"]
checksum = "sha256:63d8668a5ff595fb82ee54328ee9c6166923967fedd1dbd7f2961099fd462da2"
url = "https://github.com/jdx/ruby/releases/download/3.3.12-1/ruby-3.3.12.macos.tar.gz"
provenance = "github-attestations"

[tools.ruby."platforms.macos-x64"]
checksum = "sha256:b06d63beae271933033e27f0a389bc582a009e7845357d44365c39de525a051b"
url = "https://cache.ruby-lang.org/pub/ruby/3.3/ruby-3.3.12.tar.gz"

[[tools.rust]]
version = "1.97.0"
backend = "asdf:rust"
specifiers = ["1.97.0"]

[[tools.uv]]
version = "0.11.21"
backend = "aqua:astral-sh/uv"
specifiers = ["0.11.21"]

[tools.uv."platforms.linux-arm64"]
checksum = "sha256:88e800834007cc5efd4675f166eb2a51e7e3ad19876d85fa8805a6fb5c922397"
url = "https://github.com/astral-sh/uv/releases/download/0.11.21/uv-aarch64-unknown-linux-gnu.tar.gz"
url_api = "https://api.github.com/repos/astral-sh/uv/releases/assets/444940443"
provenance = "github-attestations"

[tools.uv."platforms.linux-arm64-musl"]
checksum = "sha256:e71badaed2a2c3a404a0a00974b51c7ed5f5bc7be947916846005b739c68a5a2"
url = "https://github.com/astral-sh/uv/releases/download/0.11.21/uv-aarch64-unknown-linux-musl.tar.gz"
url_api = "https://api.github.com/repos/astral-sh/uv/releases/assets/444940456"
provenance = "github-attestations"

[tools.uv."platforms.linux-x64"]
checksum = "sha256:8c88519b0ef0af9801fcdee419bbb12116bd9e6b18e162ae093c932d8b264050"
url = "https://github.com/astral-sh/uv/releases/download/0.11.21/uv-x86_64-unknown-linux-gnu.tar.gz"
url_api = "https://api.github.com/repos/astral-sh/uv/releases/assets/444940548"
provenance = "github-attestations"

[tools.uv."platforms.linux-x64-musl"]
checksum = "sha256:9dadff5b9e7b1d2d011e41852a1cbca713d9d5d88194f2eb6bd240fa4fb0a719"
url = "https://github.com/astral-sh/uv/releases/download/0.11.21/uv-x86_64-unknown-linux-musl.tar.gz"
url_api = "https://api.github.com/repos/astral-sh/uv/releases/assets/444940559"
provenance = "github-attestations"

[tools.uv."platforms.macos-arm64"]
checksum = "sha256:1f921d491ba5ffeea774eb04d6681ecee379101341cbb1500394993b541bf3f4"
url = "https://github.com/astral-sh/uv/releases/download/0.11.21/uv-aarch64-apple-darwin.tar.gz"
url_api = "https://api.github.com/repos/astral-sh/uv/releases/assets/444940430"
provenance = "github-attestations"

[tools.uv."platforms.macos-x64"]
checksum = "sha256:f3c8e5708a84b920c18b691214d54d2b0da6b984789caae95d47c95120cb7765"
url = "https://github.com/astral-sh/uv/releases/download/0.11.21/uv-x86_64-apple-darwin.tar.gz"
url_api = "https://api.github.com/repos/astral-sh/uv/releases/assets/444940534"
provenance = "github-attestations"

[tools.uv."platforms.windows-x64"]
checksum = "sha256:ace861f360c6de2babedc1607d0f454b6b09a820dbc8182dc15af927e4df9589"
url = "https://github.com/astral-sh/uv/releases/download/0.11.21/uv-x86_64-pc-windows-msvc.zip"
url_api = "https://api.github.com/repos/astral-sh/uv/releases/assets/444940539"
provenance = "github-attestations"
